<?xml version="1.0" encoding="utf-8"?>
<Project ToolsVersion="4.0" xmlns="http://schemas.microsoft.com/developer/msbuild/2003">
  <ItemGroup>
    <Filter Include="Source Files">
      <UniqueIdentifier>{4FC737F1-C7A5-4376-A066-2A32D752A2FF}</UniqueIdentifier>
      <Extensions>cpp;c;cc;cxx;c++;cppm;ixx;def;odl;idl;hpj;bat;asm;asmx</Extensions>
    </Filter>
    <Filter Include="Header Files">
      <UniqueIdentifier>{93995380-89BD-4b04-88EB-625FBE52EBFB}</UniqueIdentifier>
      <Extensions>h;hh;hpp;hxx;h++;hm;inl;inc;ipp;xsd</Extensions>
    </Filter>
    <Filter Include="Resource Files">
      <UniqueIdentifier>{67DA6AB6-F800-4c08-8B7A-83BB121AAD01}</UniqueIdentifier>
      <Extensions>rc;ico;cur;bmp;dlg;rc2;rct;bin;rgs;gif;jpg;jpeg;jpe;resx;tiff;tif;png;wav;mfcribbon-ms</Extensions>
    </Filter>
  </ItemGroup>
  <ItemGroup>
    <ClInclude Include="inc\Parity.h">
      <Filter>Header Files</Filter>
    </ClInclude>
    <ClInclude Include="inc\SerialParams.h">
      <Filter>Header Files</Filter>
    </ClInclude>
    <ClInclude Include="inc\StopBits.h">
      <Filter>Header Files</Filter>
    </ClInclude>
    <ClInclude Include="inc\IPlatform.hpp">
      <Filter>Header Files</Filter>
    </ClInclude>
    <ClInclude Include="inc\ISerialPort.hpp">
      <Filter>Header Files</Filter>
    </ClInclude>
    <ClInclude Include="inc\WordSize.h">
      <Filter>Header Files</Filter>
    </ClInclude>
    <ClInclude Include="inc\RtsControl.h">
      <Filter>Header Files</Filter>
    </ClInclude>
    <ClInclude Include="inc\DtrControl.h">
      <Filter>Header Files</Filter>
    </ClInclude>
    <ClInclude Include="inc\BaudRate.h">
      <Filter>Header Files</Filter>
    </ClInclude>
  </ItemGroup>
  <ItemGroup>
    <ClCompile Include="src\SerialParams.cpp">
      <Filter>Source Files</Filter>
    </ClCompile>
    <ClCompile Include="src\Parity.cpp">
      <Filter>Source Files</Filter>
    </ClCompile>
    <ClCompile Include="src\StopBits.cpp">
      <Filter>Source Files</Filter>
    </ClCompile>
    <ClCompile Include="src\ISerialPort.cpp">
      <Filter>Source Files</Filter>
    </ClCompile>
    <ClCompile Include="src\IPlatform.cpp">
      <Filter>Source Files</Filter>
    </ClCompile>
    <ClCompile Include="src\DtrControl.cpp">
      <Filter>Source Files</Filter>
    </ClCompile>
    <ClCompile Include="src\RtsControl.cpp">
      <Filter>Source Files</Filter>
    </ClCompile>
    <ClCompile Include="src\WordSize.cpp">
      <Filter>Source Files</Filter>
    </ClCompile>
    <ClCompile Include="src\BaudRate.cpp">
      <Filter>Source Files</Filter>
    </ClCompile>
  </ItemGroup>
</Project>