
Microsoft Visual Studio Solution File, Format Version 12.00
# Visual Studio Version 16
VisualStudioVersion = 16.0.32630.194
MinimumVisualStudioVersion = 10.0.40219.1
Project("{8BC9CEB8-8B4A-11D0-8D11-00A0C91BC942}") = "jerial", "lib\jeriallib.vcxproj", "{8A3D2C41-56B5-412A-904A-F3B4B8E933CC}"
EndProject
Project("{8BC9CEB8-8B4A-11D0-8D11-00A0C91BC942}") = "main", "stdmain\stdmain.vcxproj", "{BF542492-49EA-458D-B0A0-45F02F7E17B8}"
EndProject
Project("{8BC9CEB8-8B4A-11D0-8D11-00A0C91BC942}") = "winlib", "winlib\winlib.vcxproj", "{8CAF15A3-8BC2-4C0E-B626-3C186FDE25D2}"
EndProject
Project("{8BC9CEB8-8B4A-11D0-8D11-00A0C91BC942}") = "jni", "jni\jni.vcxproj", "{C3DF1650-389C-4976-9376-2B879D36B116}"
EndProject
Project("{8BC9CEB8-8B4A-11D0-8D11-00A0C91BC942}") = "console", "console\console.vcxproj", "{E99C8CC0-C3AC-4A6D-9038-AE389A09A6DF}"
EndProject
Global
	GlobalSection(SolutionConfigurationPlatforms) = preSolution
		Debug|x64 = Debug|x64
		Debug|x86 = Debug|x86
		Release|x64 = Release|x64
		Release|x86 = Release|x86
	EndGlobalSection
	GlobalSection(ProjectConfigurationPlatforms) = postSolution
		{8A3D2C41-56B5-412A-904A-F3B4B8E933CC}.Debug|x64.ActiveCfg = Debug|x64
		{8A3D2C41-56B5-412A-904A-F3B4B8E933CC}.Debug|x64.Build.0 = Debug|x64
		{8A3D2C41-56B5-412A-904A-F3B4B8E933CC}.Debug|x86.ActiveCfg = Debug|Win32
		{8A3D2C41-56B5-412A-904A-F3B4B8E933CC}.Debug|x86.Build.0 = Debug|Win32
		{8A3D2C41-56B5-412A-904A-F3B4B8E933CC}.Release|x64.ActiveCfg = Release|x64
		{8A3D2C41-56B5-412A-904A-F3B4B8E933CC}.Release|x64.Build.0 = Release|x64
		{8A3D2C41-56B5-412A-904A-F3B4B8E933CC}.Release|x86.ActiveCfg = Release|Win32
		{8A3D2C41-56B5-412A-904A-F3B4B8E933CC}.Release|x86.Build.0 = Release|Win32
		{BF542492-49EA-458D-B0A0-45F02F7E17B8}.Debug|x64.ActiveCfg = Debug|x64
		{BF542492-49EA-458D-B0A0-45F02F7E17B8}.Debug|x64.Build.0 = Debug|x64
		{BF542492-49EA-458D-B0A0-45F02F7E17B8}.Debug|x86.ActiveCfg = Debug|Win32
		{BF542492-49EA-458D-B0A0-45F02F7E17B8}.Debug|x86.Build.0 = Debug|Win32
		{BF542492-49EA-458D-B0A0-45F02F7E17B8}.Release|x64.ActiveCfg = Release|x64
		{BF542492-49EA-458D-B0A0-45F02F7E17B8}.Release|x64.Build.0 = Release|x64
		{BF542492-49EA-458D-B0A0-45F02F7E17B8}.Release|x86.ActiveCfg = Release|Win32
		{BF542492-49EA-458D-B0A0-45F02F7E17B8}.Release|x86.Build.0 = Release|Win32
		{8CAF15A3-8BC2-4C0E-B626-3C186FDE25D2}.Debug|x64.ActiveCfg = Debug|x64
		{8CAF15A3-8BC2-4C0E-B626-3C186FDE25D2}.Debug|x64.Build.0 = Debug|x64
		{8CAF15A3-8BC2-4C0E-B626-3C186FDE25D2}.Debug|x86.ActiveCfg = Debug|Win32
		{8CAF15A3-8BC2-4C0E-B626-3C186FDE25D2}.Debug|x86.Build.0 = Debug|Win32
		{8CAF15A3-8BC2-4C0E-B626-3C186FDE25D2}.Release|x64.ActiveCfg = Release|x64
		{8CAF15A3-8BC2-4C0E-B626-3C186FDE25D2}.Release|x64.Build.0 = Release|x64
		{8CAF15A3-8BC2-4C0E-B626-3C186FDE25D2}.Release|x86.ActiveCfg = Release|Win32
		{8CAF15A3-8BC2-4C0E-B626-3C186FDE25D2}.Release|x86.Build.0 = Release|Win32
		{C3DF1650-389C-4976-9376-2B879D36B116}.Debug|x64.ActiveCfg = Debug|x64
		{C3DF1650-389C-4976-9376-2B879D36B116}.Debug|x64.Build.0 = Debug|x64
		{C3DF1650-389C-4976-9376-2B879D36B116}.Debug|x86.ActiveCfg = Debug|Win32
		{C3DF1650-389C-4976-9376-2B879D36B116}.Debug|x86.Build.0 = Debug|Win32
		{C3DF1650-389C-4976-9376-2B879D36B116}.Release|x64.ActiveCfg = Release|x64
		{C3DF1650-389C-4976-9376-2B879D36B116}.Release|x64.Build.0 = Release|x64
		{C3DF1650-389C-4976-9376-2B879D36B116}.Release|x86.ActiveCfg = Release|Win32
		{C3DF1650-389C-4976-9376-2B879D36B116}.Release|x86.Build.0 = Release|Win32
		{E99C8CC0-C3AC-4A6D-9038-AE389A09A6DF}.Debug|x64.ActiveCfg = Debug|x64
		{E99C8CC0-C3AC-4A6D-9038-AE389A09A6DF}.Debug|x64.Build.0 = Debug|x64
		{E99C8CC0-C3AC-4A6D-9038-AE389A09A6DF}.Debug|x86.ActiveCfg = Debug|Win32
		{E99C8CC0-C3AC-4A6D-9038-AE389A09A6DF}.Debug|x86.Build.0 = Debug|Win32
		{E99C8CC0-C3AC-4A6D-9038-AE389A09A6DF}.Release|x64.ActiveCfg = Release|x64
		{E99C8CC0-C3AC-4A6D-9038-AE389A09A6DF}.Release|x64.Build.0 = Release|x64
		{E99C8CC0-C3AC-4A6D-9038-AE389A09A6DF}.Release|x86.ActiveCfg = Release|Win32
		{E99C8CC0-C3AC-4A6D-9038-AE389A09A6DF}.Release|x86.Build.0 = Release|Win32
	EndGlobalSection
	GlobalSection(SolutionProperties) = preSolution
		HideSolutionNode = FALSE
	EndGlobalSection
	GlobalSection(ExtensibilityGlobals) = postSolution
		SolutionGuid = {16ECCF1B-A562-47B7-A05E-3C9CE857DA6D}
	EndGlobalSection
EndGlobal
